
Microsoft Visual Studio Solution File, Format Version 12.00
# Visual Studio Version 17
VisualStudioVersion = 17.7.34031.279
MinimumVisualStudioVersion = 10.0.40219.1
Project("{FAE04EC0-301F-11D3-BF4B-00C04F79EFBC}") = "Group7_Assignment_1", "Group7_Assignment_1.csproj", "{87276F9F-C094-4B1C-87CF-630A32AA036F}"
EndProject
Global
	GlobalSection(SolutionConfigurationPlatforms) = preSolution
		Debug|Any CPU = Debug|Any CPU
		Release|Any CPU = Release|Any CPU
	EndGlobalSection
	GlobalSection(ProjectConfigurationPlatforms) = postSolution
		{87276F9F-C094-4B1C-87CF-630A32AA036F}.Debug|Any CPU.ActiveCfg = Debug|Any CPU
		{87276F9F-C094-4B1C-87CF-630A32AA036F}.Debug|Any CPU.Build.0 = Debug|Any CPU
		{87276F9F-C094-4B1C-87CF-630A32AA036F}.Release|Any CPU.ActiveCfg = Release|Any CPU
		{87276F9F-C094-4B1C-87CF-630A32AA036F}.Release|Any CPU.Build.0 = Release|Any CPU
	EndGlobalSection
	GlobalSection(SolutionProperties) = preSolution
		HideSolutionNode = FALSE
	EndGlobalSection
	GlobalSection(ExtensibilityGlobals) = postSolution
		SolutionGuid = {54602A43-312B-4B4E-8945-F36246FBBD4D}
	EndGlobalSection
EndGlobal
